
Microsoft Visual Studio Solution File, Format Version 12.00
# Visual Studio 14
VisualStudioVersion = 14.0.25420.1
MinimumVisualStudioVersion = 10.0.40219.1
Project("{888888A0-9F3D-457C-B088-3A5042F75D52}") = "ChessberryPi", "ChessberryPi\ChessberryPi.pyproj", "{4E9B1E93-60B4-4036-9096-812B3F6C93E6}"
EndProject
Project("{2150E333-8FDC-42A3-9474-1A3956D46DE8}") = "Solution Items", "Solution Items", "{DD6389EC-5798-4E23-AD18-025A662DE003}"
EndProject
Project("{2150E333-8FDC-42A3-9474-1A3956D46DE8}") = "Chess", "Chess", "{0625B459-4A07-44AC-8612-3295C34F6857}"
	ProjectSection(SolutionItems) = preProject
		ChessberryPi\chess\__init__.py = ChessberryPi\chess\__init__.py
		ChessberryPi\chess\engine.py = ChessberryPi\chess\engine.py
		ChessberryPi\chess\gaviota.py = ChessberryPi\chess\gaviota.py
		ChessberryPi\chess\pgn.py = ChessberryPi\chess\pgn.py
		ChessberryPi\chess\polyglot.py = ChessberryPi\chess\polyglot.py
		ChessberryPi\chess\svg.py = ChessberryPi\chess\svg.py
		ChessberryPi\chess\syzygy.py = ChessberryPi\chess\syzygy.py
		ChessberryPi\chess\uci.py = ChessberryPi\chess\uci.py
		ChessberryPi\chess\variant.py = ChessberryPi\chess\variant.py
		ChessberryPi\chess\xboard.py = ChessberryPi\chess\xboard.py
	EndProjectSection
EndProject
Global
	GlobalSection(SolutionConfigurationPlatforms) = preSolution
		Debug|Any CPU = Debug|Any CPU
		Release|Any CPU = Release|Any CPU
	EndGlobalSection
	GlobalSection(ProjectConfigurationPlatforms) = postSolution
		{4E9B1E93-60B4-4036-9096-812B3F6C93E6}.Debug|Any CPU.ActiveCfg = Debug|Any CPU
		{4E9B1E93-60B4-4036-9096-812B3F6C93E6}.Release|Any CPU.ActiveCfg = Release|Any CPU
	EndGlobalSection
	GlobalSection(SolutionProperties) = preSolution
		HideSolutionNode = FALSE
	EndGlobalSection
	GlobalSection(NestedProjects) = preSolution
		{0625B459-4A07-44AC-8612-3295C34F6857} = {DD6389EC-5798-4E23-AD18-025A662DE003}
	EndGlobalSection
EndGlobal
